// !$*UTF8*$!
{
	archiveVersion = 1;
	classes = {
	};
	objectVersion = 60;
	objects = {

/* Begin PBXBuildFile section */
		453EFEA72C9164C4008C04DD /* LearnWidgetKitApp.swift in Sources */ = {isa = PBXBuildFile; fileRef = 453EFEA62C9164C4008C04DD /* LearnWidgetKitApp.swift */; };
		453EFEA92C9164C4008C04DD /* SwiftDataContentView.swift in Sources */ = {isa = PBXBuildFile; fileRef = 453EFEA82C9164C4008C04DD /* SwiftDataContentView.swift */; };
		453EFEAB2C9164C4008C04DD /* Item.swift in Sources */ = {isa = PBXBuildFile; fileRef = 453EFEAA2C9164C4008C04DD /* Item.swift */; };
		453EFEAD2C9164C5008C04DD /* Assets.xcassets in Resources */ = {isa = PBXBuildFile; fileRef = 453EFEAC2C9164C5008C04DD /* Assets.xcassets */; };
		453EFEB12C9164C5008C04DD /* Preview Assets.xcassets in Resources */ = {isa = PBXBuildFile; fileRef = 453EFEB02C9164C5008C04DD /* Preview Assets.xcassets */; };
		453EFEBE2C91678B008C04DD /* WidgetKit.framework in Frameworks */ = {isa = PBXBuildFile; fileRef = 453EFEBD2C91678B008C04DD /* WidgetKit.framework */; };
		453EFEC02C91678B008C04DD /* SwiftUI.framework in Frameworks */ = {isa = PBXBuildFile; fileRef = 453EFEBF2C91678B008C04DD /* SwiftUI.framework */; };
		453EFEC32C91678B008C04DD /* LearnWidgetKitWidgetBundle.swift in Sources */ = {isa = PBXBuildFile; fileRef = 453EFEC22C91678B008C04DD /* LearnWidgetKitWidgetBundle.swift */; };
		453EFEC72C91678C008C04DD /* Assets.xcassets in Resources */ = {isa = PBXBuildFile; fileRef = 453EFEC62C91678C008C04DD /* Assets.xcassets */; };
		453EFECC2C91678C008C04DD /* LearnWidgetKitWidgetExtension.appex in Embed Foundation Extensions */ = {isa = PBXBuildFile; fileRef = 453EFEBB2C91678B008C04DD /* LearnWidgetKitWidgetExtension.appex */; settings = {ATTRIBUTES = (RemoveHeadersOnCopy, ); }; };
		453EFED32C916874008C04DD /* SwiftDataWidget.swift in Sources */ = {isa = PBXBuildFile; fileRef = 453EFED22C916873008C04DD /* SwiftDataWidget.swift */; };
		453EFED52C916886008C04DD /* SwiftDataWidget+Entry.swift in Sources */ = {isa = PBXBuildFile; fileRef = 453EFED42C916882008C04DD /* SwiftDataWidget+Entry.swift */; };
		453EFED72C916894008C04DD /* SwiftDataWidget+EntryView.swift in Sources */ = {isa = PBXBuildFile; fileRef = 453EFED62C916890008C04DD /* SwiftDataWidget+EntryView.swift */; };
		453EFED92C9168A0008C04DD /* SwiftDataWidget+Provider.swift in Sources */ = {isa = PBXBuildFile; fileRef = 453EFED82C916897008C04DD /* SwiftDataWidget+Provider.swift */; };
		453EFEDB2C916911008C04DD /* Item.swift in Sources */ = {isa = PBXBuildFile; fileRef = 453EFEAA2C9164C4008C04DD /* Item.swift */; };
/* End PBXBuildFile section */

/* Begin PBXContainerItemProxy section */
		453EFECA2C91678C008C04DD /* PBXContainerItemProxy */ = {
			isa = PBXContainerItemProxy;
			containerPortal = 453EFE9B2C9164C4008C04DD /* Project object */;
			proxyType = 1;
			remoteGlobalIDString = 453EFEBA2C91678B008C04DD;
			remoteInfo = LearnWidgetKitWidgetExtension;
		};
/* End PBXContainerItemProxy section */

/* Begin PBXCopyFilesBuildPhase section */
		453EFED02C91678C008C04DD /* Embed Foundation Extensions */ = {
			isa = PBXCopyFilesBuildPhase;
			buildActionMask = 2147483647;
			dstPath = "";
			dstSubfolderSpec = 13;
			files = (
				453EFECC2C91678C008C04DD /* LearnWidgetKitWidgetExtension.appex in Embed Foundation Extensions */,
			);
			name = "Embed Foundation Extensions";
			runOnlyForDeploymentPostprocessing = 0;
		};
/* End PBXCopyFilesBuildPhase section */

/* Begin PBXFileReference section */
		453EFEA32C9164C4008C04DD /* LearnWidgetKit.app */ = {isa = PBXFileReference; explicitFileType = wrapper.application; includeInIndex = 0; path = LearnWidgetKit.app; sourceTree = BUILT_PRODUCTS_DIR; };
		453EFEA62C9164C4008C04DD /* LearnWidgetKitApp.swift */ = {isa = PBXFileReference; lastKnownFileType = sourcecode.swift; path = LearnWidgetKitApp.swift; sourceTree = "<group>"; };
		453EFEA82C9164C4008C04DD /* SwiftDataContentView.swift */ = {isa = PBXFileReference; lastKnownFileType = sourcecode.swift; path = SwiftDataContentView.swift; sourceTree = "<group>"; };
		453EFEAA2C9164C4008C04DD /* Item.swift */ = {isa = PBXFileReference; lastKnownFileType = sourcecode.swift; path = Item.swift; sourceTree = "<group>"; };
		453EFEAC2C9164C5008C04DD /* Assets.xcassets */ = {isa = PBXFileReference; lastKnownFileType = folder.assetcatalog; path = Assets.xcassets; sourceTree = "<group>"; };
		453EFEAE2C9164C5008C04DD /* LearnWidgetKit.entitlements */ = {isa = PBXFileReference; lastKnownFileType = text.plist.entitlements; path = LearnWidgetKit.entitlements; sourceTree = "<group>"; };
		453EFEB02C9164C5008C04DD /* Preview Assets.xcassets */ = {isa = PBXFileReference; lastKnownFileType = folder.assetcatalog; path = "Preview Assets.xcassets"; sourceTree = "<group>"; };
		453EFEBB2C91678B008C04DD /* LearnWidgetKitWidgetExtension.appex */ = {isa = PBXFileReference; explicitFileType = "wrapper.app-extension"; includeInIndex = 0; path = LearnWidgetKitWidgetExtension.appex; sourceTree = BUILT_PRODUCTS_DIR; };
		453EFEBD2C91678B008C04DD /* WidgetKit.framework */ = {isa = PBXFileReference; lastKnownFileType = wrapper.framework; name = WidgetKit.framework; path = /System/Library/Frameworks/WidgetKit.framework; sourceTree = "<absolute>"; };
		453EFEBF2C91678B008C04DD /* SwiftUI.framework */ = {isa = PBXFileReference; lastKnownFileType = wrapper.framework; name = SwiftUI.framework; path = /System/Library/Frameworks/SwiftUI.framework; sourceTree = "<absolute>"; };
		453EFEC22C91678B008C04DD /* LearnWidgetKitWidgetBundle.swift */ = {isa = PBXFileReference; lastKnownFileType = sourcecode.swift; path = LearnWidgetKitWidgetBundle.swift; sourceTree = "<group>"; };
		453EFEC62C91678C008C04DD /* Assets.xcassets */ = {isa = PBXFileReference; lastKnownFileType = folder.assetcatalog; path = Assets.xcassets; sourceTree = "<group>"; };
		453EFEC82C91678C008C04DD /* Info.plist */ = {isa = PBXFileReference; lastKnownFileType = text.plist.xml; path = Info.plist; sourceTree = "<group>"; };
		453EFEC92C91678C008C04DD /* LearnWidgetKitWidget.entitlements */ = {isa = PBXFileReference; lastKnownFileType = text.plist.entitlements; path = LearnWidgetKitWidget.entitlements; sourceTree = SOURCE_ROOT; };
		453EFED22C916873008C04DD /* SwiftDataWidget.swift */ = {isa = PBXFileReference; lastKnownFileType = sourcecode.swift; path = SwiftDataWidget.swift; sourceTree = "<group>"; };
		453EFED42C916882008C04DD /* SwiftDataWidget+Entry.swift */ = {isa = PBXFileReference; lastKnownFileType = sourcecode.swift; path = "SwiftDataWidget+Entry.swift"; sourceTree = "<group>"; };
		453EFED62C916890008C04DD /* SwiftDataWidget+EntryView.swift */ = {isa = PBXFileReference; lastKnownFileType = sourcecode.swift; path = "SwiftDataWidget+EntryView.swift"; sourceTree = "<group>"; };
		453EFED82C916897008C04DD /* SwiftDataWidget+Provider.swift */ = {isa = PBXFileReference; lastKnownFileType = sourcecode.swift; path = "SwiftDataWidget+Provider.swift"; sourceTree = "<group>"; };
/* End PBXFileReference section */

/* Begin PBXFrameworksBuildPhase section */
		453EFEA02C9164C4008C04DD /* Frameworks */ = {
			isa = PBXFrameworksBuildPhase;
			buildActionMask = 2147483647;
			files = (
			);
			runOnlyForDeploymentPostprocessing = 0;
		};
		453EFEB82C91678B008C04DD /* Frameworks */ = {
			isa = PBXFrameworksBuildPhase;
			buildActionMask = 2147483647;
			files = (
				453EFEC02C91678B008C04DD /* SwiftUI.framework in Frameworks */,
				453EFEBE2C91678B008C04DD /* WidgetKit.framework in Frameworks */,
			);
			runOnlyForDeploymentPostprocessing = 0;
		};
/* End PBXFrameworksBuildPhase section */

/* Begin PBXGroup section */
		453EFE9A2C9164C4008C04DD = {
			isa = PBXGroup;
			children = (
				453EFEA52C9164C4008C04DD /* LearnWidgetKit */,
				453EFEC12C91678B008C04DD /* LearnWidgetKitWidget */,
				453EFEBC2C91678B008C04DD /* Frameworks */,
				453EFEA42C9164C4008C04DD /* Products */,
			);
			sourceTree = "<group>";
		};
		453EFEA42C9164C4008C04DD /* Products */ = {
			isa = PBXGroup;
			children = (
				453EFEA32C9164C4008C04DD /* LearnWidgetKit.app */,
				453EFEBB2C91678B008C04DD /* LearnWidgetKitWidgetExtension.appex */,
			);
			name = Products;
			sourceTree = "<group>";
		};
		453EFEA52C9164C4008C04DD /* LearnWidgetKit */ = {
			isa = PBXGroup;
			children = (
				453EFEAE2C9164C5008C04DD /* LearnWidgetKit.entitlements */,
				453EFEA62C9164C4008C04DD /* LearnWidgetKitApp.swift */,
				453EFEA82C9164C4008C04DD /* SwiftDataContentView.swift */,
				453EFEDA2C9168F4008C04DD /* SwiftDataModel */,
				45BEADE32C91725B00968678 /* Resource */,
			);
			path = LearnWidgetKit;
			sourceTree = "<group>";
		};
		453EFEBC2C91678B008C04DD /* Frameworks */ = {
			isa = PBXGroup;
			children = (
				453EFEBD2C91678B008C04DD /* WidgetKit.framework */,
				453EFEBF2C91678B008C04DD /* SwiftUI.framework */,
			);
			name = Frameworks;
			sourceTree = "<group>";
		};
		453EFEC12C91678B008C04DD /* LearnWidgetKitWidget */ = {
			isa = PBXGroup;
			children = (
				453EFEC92C91678C008C04DD /* LearnWidgetKitWidget.entitlements */,
				453EFEC82C91678C008C04DD /* Info.plist */,
				453EFEC22C91678B008C04DD /* LearnWidgetKitWidgetBundle.swift */,
				453EFED12C916837008C04DD /* SwiftDataWidget */,
				45BEADE42C91729600968678 /* Resource */,
			);
			path = LearnWidgetKitWidget;
			sourceTree = "<group>";
		};
		453EFED12C916837008C04DD /* SwiftDataWidget */ = {
			isa = PBXGroup;
			children = (
				453EFED22C916873008C04DD /* SwiftDataWidget.swift */,
				453EFED42C916882008C04DD /* SwiftDataWidget+Entry.swift */,
				453EFED62C916890008C04DD /* SwiftDataWidget+EntryView.swift */,
				453EFED82C916897008C04DD /* SwiftDataWidget+Provider.swift */,
			);
			path = SwiftDataWidget;
			sourceTree = "<group>";
		};
		453EFEDA2C9168F4008C04DD /* SwiftDataModel */ = {
			isa = PBXGroup;
			children = (
				453EFEAA2C9164C4008C04DD /* Item.swift */,
			);
			path = SwiftDataModel;
			sourceTree = "<group>";
		};
		45BEADE32C91725B00968678 /* Resource */ = {
			isa = PBXGroup;
			children = (
				453EFEB02C9164C5008C04DD /* Preview Assets.xcassets */,
				453EFEAC2C9164C5008C04DD /* Assets.xcassets */,
			);
			path = Resource;
			sourceTree = "<group>";
		};
		45BEADE42C91729600968678 /* Resource */ = {
			isa = PBXGroup;
			children = (
				453EFEC62C91678C008C04DD /* Assets.xcassets */,
			);
			path = Resource;
			sourceTree = "<group>";
		};
/* End PBXGroup section */

/* Begin PBXNativeTarget section */
		453EFEA22C9164C4008C04DD /* LearnWidgetKit */ = {
			isa = PBXNativeTarget;
			buildConfigurationList = 453EFEB42C9164C5008C04DD /* Build configuration list for PBXNativeTarget "LearnWidgetKit" */;
			buildPhases = (
				453EFE9F2C9164C4008C04DD /* Sources */,
				453EFEA02C9164C4008C04DD /* Frameworks */,
				453EFEA12C9164C4008C04DD /* Resources */,
				453EFED02C91678C008C04DD /* Embed Foundation Extensions */,
			);
			buildRules = (
			);
			dependencies = (
				453EFECB2C91678C008C04DD /* PBXTargetDependency */,
			);
			name = LearnWidgetKit;
			productName = LearnWidgetKit;
			productReference = 453EFEA32C9164C4008C04DD /* LearnWidgetKit.app */;
			productType = "com.apple.product-type.application";
		};
		453EFEBA2C91678B008C04DD /* LearnWidgetKitWidgetExtension */ = {
			isa = PBXNativeTarget;
			buildConfigurationList = 453EFECD2C91678C008C04DD /* Build configuration list for PBXNativeTarget "LearnWidgetKitWidgetExtension" */;
			buildPhases = (
				453EFEB72C91678B008C04DD /* Sources */,
				453EFEB82C91678B008C04DD /* Frameworks */,
				453EFEB92C91678B008C04DD /* Resources */,
			);
			buildRules = (
			);
			dependencies = (
			);
			name = LearnWidgetKitWidgetExtension;
			productName = LearnWidgetKitWidgetExtension;
			productReference = 453EFEBB2C91678B008C04DD /* LearnWidgetKitWidgetExtension.appex */;
			productType = "com.apple.product-type.app-extension";
		};
/* End PBXNativeTarget section */

/* Begin PBXProject section */
		453EFE9B2C9164C4008C04DD /* Project object */ = {
			isa = PBXProject;
			attributes = {
				BuildIndependentTargetsInParallel = 1;
				LastSwiftUpdateCheck = 1600;
				LastUpgradeCheck = 1600;
				TargetAttributes = {
					453EFEA22C9164C4008C04DD = {
						CreatedOnToolsVersion = 16.0;
					};
					453EFEBA2C91678B008C04DD = {
						CreatedOnToolsVersion = 16.0;
					};
				};
			};
			buildConfigurationList = 453EFE9E2C9164C4008C04DD /* Build configuration list for PBXProject "LearnWidgetKit" */;
			compatibilityVersion = "Xcode 15.0";
			developmentRegion = en;
			hasScannedForEncodings = 0;
			knownRegions = (
				en,
				Base,
			);
			mainGroup = 453EFE9A2C9164C4008C04DD;
			productRefGroup = 453EFEA42C9164C4008C04DD /* Products */;
			projectDirPath = "";
			projectRoot = "";
			targets = (
				453EFEA22C9164C4008C04DD /* LearnWidgetKit */,
				453EFEBA2C91678B008C04DD /* LearnWidgetKitWidgetExtension */,
			);
		};
/* End PBXProject section */

/* Begin PBXResourcesBuildPhase section */
		453EFEA12C9164C4008C04DD /* Resources */ = {
			isa = PBXResourcesBuildPhase;
			buildActionMask = 2147483647;
			files = (
				453EFEB12C9164C5008C04DD /* Preview Assets.xcassets in Resources */,
				453EFEAD2C9164C5008C04DD /* Assets.xcassets in Resources */,
			);
			runOnlyForDeploymentPostprocessing = 0;
		};
		453EFEB92C91678B008C04DD /* Resources */ = {
			isa = PBXResourcesBuildPhase;
			buildActionMask = 2147483647;
			files = (
				453EFEC72C91678C008C04DD /* Assets.xcassets in Resources */,
			);
			runOnlyForDeploymentPostprocessing = 0;
		};
/* End PBXResourcesBuildPhase section */

/* Begin PBXSourcesBuildPhase section */
		453EFE9F2C9164C4008C04DD /* Sources */ = {
			isa = PBXSourcesBuildPhase;
			buildActionMask = 2147483647;
			files = (
				453EFEA92C9164C4008C04DD /* SwiftDataContentView.swift in Sources */,
				453EFEAB2C9164C4008C04DD /* Item.swift in Sources */,
				453EFEA72C9164C4008C04DD /* LearnWidgetKitApp.swift in Sources */,
			);
			runOnlyForDeploymentPostprocessing = 0;
		};
		453EFEB72C91678B008C04DD /* Sources */ = {
			isa = PBXSourcesBuildPhase;
			buildActionMask = 2147483647;
			files = (
				453EFED52C916886008C04DD /* SwiftDataWidget+Entry.swift in Sources */,
				453EFED72C916894008C04DD /* SwiftDataWidget+EntryView.swift in Sources */,
				453EFED92C9168A0008C04DD /* SwiftDataWidget+Provider.swift in Sources */,
				453EFEC32C91678B008C04DD /* LearnWidgetKitWidgetBundle.swift in Sources */,
				453EFEDB2C916911008C04DD /* Item.swift in Sources */,
				453EFED32C916874008C04DD /* SwiftDataWidget.swift in Sources */,
			);
			runOnlyForDeploymentPostprocessing = 0;
		};
/* End PBXSourcesBuildPhase section */

/* Begin PBXTargetDependency section */
		453EFECB2C91678C008C04DD /* PBXTargetDependency */ = {
			isa = PBXTargetDependency;
			target = 453EFEBA2C91678B008C04DD /* LearnWidgetKitWidgetExtension */;
			targetProxy = 453EFECA2C91678C008C04DD /* PBXContainerItemProxy */;
		};
/* End PBXTargetDependency section */

/* Begin XCBuildConfiguration section */
		453EFEB22C9164C5008C04DD /* Debug */ = {
			isa = XCBuildConfiguration;
			buildSettings = {
				ALWAYS_SEARCH_USER_PATHS = NO;
				ASSETCATALOG_COMPILER_GENERATE_SWIFT_ASSET_SYMBOL_EXTENSIONS = YES;
				CLANG_ANALYZER_NONNULL = YES;
				CLANG_ANALYZER_NUMBER_OBJECT_CONVERSION = YES_AGGRESSIVE;
				CLANG_CXX_LANGUAGE_STANDARD = "gnu++20";
				CLANG_ENABLE_MODULES = YES;
				CLANG_ENABLE_OBJC_ARC = YES;
				CLANG_ENABLE_OBJC_WEAK = YES;
				CLANG_WARN_BLOCK_CAPTURE_AUTORELEASING = YES;
				CLANG_WARN_BOOL_CONVERSION = YES;
				CLANG_WARN_COMMA = YES;
				CLANG_WARN_CONSTANT_CONVERSION = YES;
				CLANG_WARN_DEPRECATED_OBJC_IMPLEMENTATIONS = YES;
				CLANG_WARN_DIRECT_OBJC_ISA_USAGE = YES_ERROR;
				CLANG_WARN_DOCUMENTATION_COMMENTS = YES;
				CLANG_WARN_EMPTY_BODY = YES;
				CLANG_WARN_ENUM_CONVERSION = YES;
				CLANG_WARN_INFINITE_RECURSION = YES;
				CLANG_WARN_INT_CONVERSION = YES;
				CLANG_WARN_NON_LITERAL_NULL_CONVERSION = YES;
				CLANG_WARN_OBJC_IMPLICIT_RETAIN_SELF = YES;
				CLANG_WARN_OBJC_LITERAL_CONVERSION = YES;
				CLANG_WARN_OBJC_ROOT_CLASS = YES_ERROR;
				CLANG_WARN_QUOTED_INCLUDE_IN_FRAMEWORK_HEADER = YES;
				CLANG_WARN_RANGE_LOOP_ANALYSIS = YES;
				CLANG_WARN_STRICT_PROTOTYPES = YES;
				CLANG_WARN_SUSPICIOUS_MOVE = YES;
				CLANG_WARN_UNGUARDED_AVAILABILITY = YES_AGGRESSIVE;
				CLANG_WARN_UNREACHABLE_CODE = YES;
				CLANG_WARN__DUPLICATE_METHOD_MATCH = YES;
				COPY_PHASE_STRIP = NO;
				DEBUG_INFORMATION_FORMAT = dwarf;
				ENABLE_STRICT_OBJC_MSGSEND = YES;
				ENABLE_TESTABILITY = YES;
				ENABLE_USER_SCRIPT_SANDBOXING = YES;
				GCC_C_LANGUAGE_STANDARD = gnu17;
				GCC_DYNAMIC_NO_PIC = NO;
				GCC_NO_COMMON_BLOCKS = YES;
				GCC_OPTIMIZATION_LEVEL = 0;
				GCC_PREPROCESSOR_DEFINITIONS = (
					"DEBUG=1",
					"$(inherited)",
				);
				GCC_WARN_64_TO_32_BIT_CONVERSION = YES;
				GCC_WARN_ABOUT_RETURN_TYPE = YES_ERROR;
				GCC_WARN_UNDECLARED_SELECTOR = YES;
				GCC_WARN_UNINITIALIZED_AUTOS = YES_AGGRESSIVE;
				GCC_WARN_UNUSED_FUNCTION = YES;
				GCC_WARN_UNUSED_VARIABLE = YES;
				LOCALIZATION_PREFERS_STRING_CATALOGS = YES;
				MTL_ENABLE_DEBUG_INFO = INCLUDE_SOURCE;
				MTL_FAST_MATH = YES;
				ONLY_ACTIVE_ARCH = YES;
				SWIFT_ACTIVE_COMPILATION_CONDITIONS = "DEBUG $(inherited)";
				SWIFT_OPTIMIZATION_LEVEL = "-Onone";
			};
			name = Debug;
		};
		453EFEB32C9164C5008C04DD /* Release */ = {
			isa = XCBuildConfiguration;
			buildSettings = {
				ALWAYS_SEARCH_USER_PATHS = NO;
				ASSETCATALOG_COMPILER_GENERATE_SWIFT_ASSET_SYMBOL_EXTENSIONS = YES;
				CLANG_ANALYZER_NONNULL = YES;
				CLANG_ANALYZER_NUMBER_OBJECT_CONVERSION = YES_AGGRESSIVE;
				CLANG_CXX_LANGUAGE_STANDARD = "gnu++20";
				CLANG_ENABLE_MODULES = YES;
				CLANG_ENABLE_OBJC_ARC = YES;
				CLANG_ENABLE_OBJC_WEAK = YES;
				CLANG_WARN_BLOCK_CAPTURE_AUTORELEASING = YES;
				CLANG_WARN_BOOL_CONVERSION = YES;
				CLANG_WARN_COMMA = YES;
				CLANG_WARN_CONSTANT_CONVERSION = YES;
				CLANG_WARN_DEPRECATED_OBJC_IMPLEMENTATIONS = YES;
				CLANG_WARN_DIRECT_OBJC_ISA_USAGE = YES_ERROR;
				CLANG_WARN_DOCUMENTATION_COMMENTS = YES;
				CLANG_WARN_EMPTY_BODY = YES;
				CLANG_WARN_ENUM_CONVERSION = YES;
				CLANG_WARN_INFINITE_RECURSION = YES;
				CLANG_WARN_INT_CONVERSION = YES;
				CLANG_WARN_NON_LITERAL_NULL_CONVERSION = YES;
				CLANG_WARN_OBJC_IMPLICIT_RETAIN_SELF = YES;
				CLANG_WARN_OBJC_LITERAL_CONVERSION = YES;
				CLANG_WARN_OBJC_ROOT_CLASS = YES_ERROR;
				CLANG_WARN_QUOTED_INCLUDE_IN_FRAMEWORK_HEADER = YES;
				CLANG_WARN_RANGE_LOOP_ANALYSIS = YES;
				CLANG_WARN_STRICT_PROTOTYPES = YES;
				CLANG_WARN_SUSPICIOUS_MOVE = YES;
				CLANG_WARN_UNGUARDED_AVAILABILITY = YES_AGGRESSIVE;
				CLANG_WARN_UNREACHABLE_CODE = YES;
				CLANG_WARN__DUPLICATE_METHOD_MATCH = YES;
				COPY_PHASE_STRIP = NO;
				DEBUG_INFORMATION_FORMAT = "dwarf-with-dsym";
				ENABLE_NS_ASSERTIONS = NO;
				ENABLE_STRICT_OBJC_MSGSEND = YES;
				ENABLE_USER_SCRIPT_SANDBOXING = YES;
				GCC_C_LANGUAGE_STANDARD = gnu17;
				GCC_NO_COMMON_BLOCKS = YES;
				GCC_WARN_64_TO_32_BIT_CONVERSION = YES;
				GCC_WARN_ABOUT_RETURN_TYPE = YES_ERROR;
				GCC_WARN_UNDECLARED_SELECTOR = YES;
				GCC_WARN_UNINITIALIZED_AUTOS = YES_AGGRESSIVE;
				GCC_WARN_UNUSED_FUNCTION = YES;
				GCC_WARN_UNUSED_VARIABLE = YES;
				LOCALIZATION_PREFERS_STRING_CATALOGS = YES;
				MTL_ENABLE_DEBUG_INFO = NO;
				MTL_FAST_MATH = YES;
				SWIFT_COMPILATION_MODE = wholemodule;
			};
			name = Release;
		};
		453EFEB52C9164C5008C04DD /* Debug */ = {
			isa = XCBuildConfiguration;
			buildSettings = {
				ASSETCATALOG_COMPILER_APPICON_NAME = AppIcon;
				ASSETCATALOG_COMPILER_GLOBAL_ACCENT_COLOR_NAME = AccentColor;
				CODE_SIGN_ENTITLEMENTS = LearnWidgetKit/LearnWidgetKit.entitlements;
				CODE_SIGN_STYLE = Automatic;
				CURRENT_PROJECT_VERSION = 1;
				DEVELOPMENT_ASSET_PATHS = "\"LearnWidgetKit/Resource\"";
				DEVELOPMENT_TEAM = 8PRWAG4355;
				ENABLE_HARDENED_RUNTIME = YES;
				ENABLE_PREVIEWS = YES;
				GENERATE_INFOPLIST_FILE = YES;
				"INFOPLIST_KEY_UIApplicationSceneManifest_Generation[sdk=iphoneos*]" = YES;
				"INFOPLIST_KEY_UIApplicationSceneManifest_Generation[sdk=iphonesimulator*]" = YES;
				"INFOPLIST_KEY_UIApplicationSupportsIndirectInputEvents[sdk=iphoneos*]" = YES;
				"INFOPLIST_KEY_UIApplicationSupportsIndirectInputEvents[sdk=iphonesimulator*]" = YES;
				"INFOPLIST_KEY_UILaunchScreen_Generation[sdk=iphoneos*]" = YES;
				"INFOPLIST_KEY_UILaunchScreen_Generation[sdk=iphonesimulator*]" = YES;
				"INFOPLIST_KEY_UIStatusBarStyle[sdk=iphoneos*]" = UIStatusBarStyleDefault;
				"INFOPLIST_KEY_UIStatusBarStyle[sdk=iphonesimulator*]" = UIStatusBarStyleDefault;
				INFOPLIST_KEY_UISupportedInterfaceOrientations_iPad = "UIInterfaceOrientationPortrait UIInterfaceOrientationPortraitUpsideDown UIInterfaceOrientationLandscapeLeft UIInterfaceOrientationLandscapeRight";
				INFOPLIST_KEY_UISupportedInterfaceOrientations_iPhone = "UIInterfaceOrientationPortrait UIInterfaceOrientationLandscapeLeft UIInterfaceOrientationLandscapeRight";
				IPHONEOS_DEPLOYMENT_TARGET = 18.0;
				LD_RUNPATH_SEARCH_PATHS = "@executable_path/Frameworks";
				"LD_RUNPATH_SEARCH_PATHS[sdk=macosx*]" = "@executable_path/../Frameworks";
				MACOSX_DEPLOYMENT_TARGET = 15.0;
				MARKETING_VERSION = 1.0;
				PRODUCT_BUNDLE_IDENTIFIER = io.hotcs6.LearnWidgetKit;
				PRODUCT_NAME = "$(TARGET_NAME)";
				SDKROOT = auto;
				SUPPORTED_PLATFORMS = "iphoneos iphonesimulator macosx";
				SUPPORTS_MACCATALYST = NO;
				SWIFT_EMIT_LOC_STRINGS = YES;
				SWIFT_VERSION = 5.0;
				TARGETED_DEVICE_FAMILY = "1,2";
				XROS_DEPLOYMENT_TARGET = 2.0;
			};
			name = Debug;
		};
		453EFEB62C9164C5008C04DD /* Release */ = {
			isa = XCBuildConfiguration;
			buildSettings = {
				ASSETCATALOG_COMPILER_APPICON_NAME = AppIcon;
				ASSETCATALOG_COMPILER_GLOBAL_ACCENT_COLOR_NAME = AccentColor;
				CODE_SIGN_ENTITLEMENTS = LearnWidgetKit/LearnWidgetKit.entitlements;
				CODE_SIGN_STYLE = Automatic;
				CURRENT_PROJECT_VERSION = 1;
				DEVELOPMENT_ASSET_PATHS = "\"LearnWidgetKit/Resource\"";
				DEVELOPMENT_TEAM = 8PRWAG4355;
				ENABLE_HARDENED_RUNTIME = YES;
				ENABLE_PREVIEWS = YES;
				GENERATE_INFOPLIST_FILE = YES;
				"INFOPLIST_KEY_UIApplicationSceneManifest_Generation[sdk=iphoneos*]" = YES;
				"INFOPLIST_KEY_UIApplicationSceneManifest_Generation[sdk=iphonesimulator*]" = YES;
				"INFOPLIST_KEY_UIApplicationSupportsIndirectInputEvents[sdk=iphoneos*]" = YES;
				"INFOPLIST_KEY_UIApplicationSupportsIndirectInputEvents[sdk=iphonesimulator*]" = YES;
				"INFOPLIST_KEY_UILaunchScreen_Generation[sdk=iphoneos*]" = YES;
				"INFOPLIST_KEY_UILaunchScreen_Generation[sdk=iphonesimulator*]" = YES;
				"INFOPLIST_KEY_UIStatusBarStyle[sdk=iphoneos*]" = UIStatusBarStyleDefault;
				"INFOPLIST_KEY_UIStatusBarStyle[sdk=iphonesimulator*]" = UIStatusBarStyleDefault;
				INFOPLIST_KEY_UISupportedInterfaceOrientations_iPad = "UIInterfaceOrientationPortrait UIInterfaceOrientationPortraitUpsideDown UIInterfaceOrientationLandscapeLeft UIInterfaceOrientationLandscapeRight";
				INFOPLIST_KEY_UISupportedInterfaceOrientations_iPhone = "UIInterfaceOrientationPortrait UIInterfaceOrientationLandscapeLeft UIInterfaceOrientationLandscapeRight";
				IPHONEOS_DEPLOYMENT_TARGET = 18.0;
				LD_RUNPATH_SEARCH_PATHS = "@executable_path/Frameworks";
				"LD_RUNPATH_SEARCH_PATHS[sdk=macosx*]" = "@executable_path/../Frameworks";
				MACOSX_DEPLOYMENT_TARGET = 15.0;
				MARKETING_VERSION = 1.0;
				PRODUCT_BUNDLE_IDENTIFIER = io.hotcs6.LearnWidgetKit;
				PRODUCT_NAME = "$(TARGET_NAME)";
				SDKROOT = auto;
				SUPPORTED_PLATFORMS = "iphoneos iphonesimulator macosx";
				SUPPORTS_MACCATALYST = NO;
				SWIFT_EMIT_LOC_STRINGS = YES;
				SWIFT_VERSION = 5.0;
				TARGETED_DEVICE_FAMILY = "1,2";
				XROS_DEPLOYMENT_TARGET = 2.0;
			};
			name = Release;
		};
		453EFECE2C91678C008C04DD /* Debug */ = {
			isa = XCBuildConfiguration;
			buildSettings = {
				ASSETCATALOG_COMPILER_GLOBAL_ACCENT_COLOR_NAME = AccentColor;
				ASSETCATALOG_COMPILER_WIDGET_BACKGROUND_COLOR_NAME = WidgetBackground;
				CODE_SIGN_ENTITLEMENTS = LearnWidgetKitWidget/LearnWidgetKitWidget.entitlements;
				CODE_SIGN_STYLE = Automatic;
				CURRENT_PROJECT_VERSION = 1;
				DEVELOPMENT_TEAM = 8PRWAG4355;
				ENABLE_HARDENED_RUNTIME = YES;
				GENERATE_INFOPLIST_FILE = YES;
				INFOPLIST_FILE = LearnWidgetKitWidget/Info.plist;
				INFOPLIST_KEY_CFBundleDisplayName = LearnWidgetKitWidget;
				INFOPLIST_KEY_NSHumanReadableCopyright = "";
				IPHONEOS_DEPLOYMENT_TARGET = 18.0;
				LD_RUNPATH_SEARCH_PATHS = (
					"$(inherited)",
					"@executable_path/Frameworks",
					"@executable_path/../../Frameworks",
				);
				"LD_RUNPATH_SEARCH_PATHS[sdk=macosx*]" = (
					"$(inherited)",
					"@executable_path/../Frameworks",
					"@executable_path/../../../../Frameworks",
				);
				MACOSX_DEPLOYMENT_TARGET = 15.0;
				MARKETING_VERSION = 1.0;
				PRODUCT_BUNDLE_IDENTIFIER = io.hotcs6.LearnWidgetKit.LearnWidgetKitWidget;
				PRODUCT_NAME = "$(TARGET_NAME)";
				SDKROOT = auto;
				SKIP_INSTALL = YES;
				SUPPORTED_PLATFORMS = "iphoneos iphonesimulator macosx";
				SUPPORTS_MACCATALYST = NO;
				SWIFT_EMIT_LOC_STRINGS = YES;
				SWIFT_VERSION = 5.0;
				TARGETED_DEVICE_FAMILY = "1,2";
				XROS_DEPLOYMENT_TARGET = 2.0;
			};
			name = Debug;
		};
		453EFECF2C91678C008C04DD /* Release */ = {
			isa = XCBuildConfiguration;
			buildSettings = {
				ASSETCATALOG_COMPILER_GLOBAL_ACCENT_COLOR_NAME = AccentColor;
				ASSETCATALOG_COMPILER_WIDGET_BACKGROUND_COLOR_NAME = WidgetBackground;
				CODE_SIGN_ENTITLEMENTS = LearnWidgetKitWidget/LearnWidgetKitWidget.entitlements;
				CODE_SIGN_STYLE = Automatic;
				CURRENT_PROJECT_VERSION = 1;
				DEVELOPMENT_TEAM = 8PRWAG4355;
				ENABLE_HARDENED_RUNTIME = YES;
				GENERATE_INFOPLIST_FILE = YES;
				INFOPLIST_FILE = LearnWidgetKitWidget/Info.plist;
				INFOPLIST_KEY_CFBundleDisplayName = LearnWidgetKitWidget;
				INFOPLIST_KEY_NSHumanReadableCopyright = "";
				IPHONEOS_DEPLOYMENT_TARGET = 18.0;
				LD_RUNPATH_SEARCH_PATHS = (
					"$(inherited)",
					"@executable_path/Frameworks",
					"@executable_path/../../Frameworks",
				);
				"LD_RUNPATH_SEARCH_PATHS[sdk=macosx*]" = (
					"$(inherited)",
					"@executable_path/../Frameworks",
					"@executable_path/../../../../Frameworks",
				);
				MACOSX_DEPLOYMENT_TARGET = 15.0;
				MARKETING_VERSION = 1.0;
				PRODUCT_BUNDLE_IDENTIFIER = io.hotcs6.LearnWidgetKit.LearnWidgetKitWidget;
				PRODUCT_NAME = "$(TARGET_NAME)";
				SDKROOT = auto;
				SKIP_INSTALL = YES;
				SUPPORTED_PLATFORMS = "iphoneos iphonesimulator macosx";
				SUPPORTS_MACCATALYST = NO;
				SWIFT_EMIT_LOC_STRINGS = YES;
				SWIFT_VERSION = 5.0;
				TARGETED_DEVICE_FAMILY = "1,2";
				XROS_DEPLOYMENT_TARGET = 2.0;
			};
			name = Release;
		};
/* End XCBuildConfiguration section */

/* Begin XCConfigurationList section */
		453EFE9E2C9164C4008C04DD /* Build configuration list for PBXProject "LearnWidgetKit" */ = {
			isa = XCConfigurationList;
			buildConfigurations = (
				453EFEB22C9164C5008C04DD /* Debug */,
				453EFEB32C9164C5008C04DD /* Release */,
			);
			defaultConfigurationIsVisible = 0;
			defaultConfigurationName = Release;
		};
		453EFEB42C9164C5008C04DD /* Build configuration list for PBXNativeTarget "LearnWidgetKit" */ = {
			isa = XCConfigurationList;
			buildConfigurations = (
				453EFEB52C9164C5008C04DD /* Debug */,
				453EFEB62C9164C5008C04DD /* Release */,
			);
			defaultConfigurationIsVisible = 0;
			defaultConfigurationName = Release;
		};
		453EFECD2C91678C008C04DD /* Build configuration list for PBXNativeTarget "LearnWidgetKitWidgetExtension" */ = {
			isa = XCConfigurationList;
			buildConfigurations = (
				453EFECE2C91678C008C04DD /* Debug */,
				453EFECF2C91678C008C04DD /* Release */,
			);
			defaultConfigurationIsVisible = 0;
			defaultConfigurationName = Release;
		};
/* End XCConfigurationList section */
	};
	rootObject = 453EFE9B2C9164C4008C04DD /* Project object */;
}
